
Microsoft Visual Studio Solution File, Format Version 12.00
# Visual Studio Version 17
VisualStudioVersion = 17.6.33723.286
MinimumVisualStudioVersion = 10.0.40219.1
Project("{FAE04EC0-301F-11D3-BF4B-00C04F79EFBC}") = "CancellationTokenApp", "CancellationTokenApp\CancellationTokenApp.csproj", "{D99DCDBC-1EF8-4B05-8894-CA6EF27F1BC6}"
EndProject
Project("{2150E333-8FDC-42A3-9474-1A3956D46DE8}") = "Элементы решения", "Элементы решения", "{11B5F2D2-3416-441F-924C-0C92249AF34D}"
	ProjectSection(SolutionItems) = preProject
		.gitIgnore.txt = .gitIgnore.txt
	EndProjectSection
EndProject
Global
	GlobalSection(SolutionConfigurationPlatforms) = preSolution
		Debug|Any CPU = Debug|Any CPU
		Release|Any CPU = Release|Any CPU
	EndGlobalSection
	GlobalSection(ProjectConfigurationPlatforms) = postSolution
		{D99DCDBC-1EF8-4B05-8894-CA6EF27F1BC6}.Debug|Any CPU.ActiveCfg = Debug|Any CPU
		{D99DCDBC-1EF8-4B05-8894-CA6EF27F1BC6}.Debug|Any CPU.Build.0 = Debug|Any CPU
		{D99DCDBC-1EF8-4B05-8894-CA6EF27F1BC6}.Release|Any CPU.ActiveCfg = Release|Any CPU
		{D99DCDBC-1EF8-4B05-8894-CA6EF27F1BC6}.Release|Any CPU.Build.0 = Release|Any CPU
	EndGlobalSection
	GlobalSection(SolutionProperties) = preSolution
		HideSolutionNode = FALSE
	EndGlobalSection
	GlobalSection(ExtensibilityGlobals) = postSolution
		SolutionGuid = {90D6E120-C6B5-4976-BD56-1AEF2FE28143}
	EndGlobalSection
EndGlobal
